
Microsoft Visual Studio Solution File, Format Version 12.00
# Visual Studio Version 17
VisualStudioVersion = 17.7.34031.279
MinimumVisualStudioVersion = 10.0.40219.1
Project("{FAE04EC0-301F-11D3-BF4B-00C04F79EFBC}") = "API", "API\API.csproj", "{BE3A061B-51D2-461E-AA54-43F1DE4DE8EE}"
EndProject
Project("{FAE04EC0-301F-11D3-BF4B-00C04F79EFBC}") = "BAL", "BAL\BAL.csproj", "{FED4585A-EECF-4E26-A4A3-01E25376A7B7}"
EndProject
Project("{FAE04EC0-301F-11D3-BF4B-00C04F79EFBC}") = "MODEL", "MODEL\MODEL.csproj", "{620D7B2E-4B80-4EF6-8A8A-59BF064D62B7}"
EndProject
Project("{FAE04EC0-301F-11D3-BF4B-00C04F79EFBC}") = "REPOSITORY", "REPOSITORY\REPOSITORY.csproj", "{973C3F76-F6A5-4A25-9BDA-1E994BAE96C6}"
EndProject
Global
	GlobalSection(SolutionConfigurationPlatforms) = preSolution
		Debug|Any CPU = Debug|Any CPU
		Release|Any CPU = Release|Any CPU
	EndGlobalSection
	GlobalSection(ProjectConfigurationPlatforms) = postSolution
		{BE3A061B-51D2-461E-AA54-43F1DE4DE8EE}.Debug|Any CPU.ActiveCfg = Debug|Any CPU
		{BE3A061B-51D2-461E-AA54-43F1DE4DE8EE}.Debug|Any CPU.Build.0 = Debug|Any CPU
		{BE3A061B-51D2-461E-AA54-43F1DE4DE8EE}.Release|Any CPU.ActiveCfg = Release|Any CPU
		{BE3A061B-51D2-461E-AA54-43F1DE4DE8EE}.Release|Any CPU.Build.0 = Release|Any CPU
		{FED4585A-EECF-4E26-A4A3-01E25376A7B7}.Debug|Any CPU.ActiveCfg = Debug|Any CPU
		{FED4585A-EECF-4E26-A4A3-01E25376A7B7}.Debug|Any CPU.Build.0 = Debug|Any CPU
		{FED4585A-EECF-4E26-A4A3-01E25376A7B7}.Release|Any CPU.ActiveCfg = Release|Any CPU
		{FED4585A-EECF-4E26-A4A3-01E25376A7B7}.Release|Any CPU.Build.0 = Release|Any CPU
		{620D7B2E-4B80-4EF6-8A8A-59BF064D62B7}.Debug|Any CPU.ActiveCfg = Debug|Any CPU
		{620D7B2E-4B80-4EF6-8A8A-59BF064D62B7}.Debug|Any CPU.Build.0 = Debug|Any CPU
		{620D7B2E-4B80-4EF6-8A8A-59BF064D62B7}.Release|Any CPU.ActiveCfg = Release|Any CPU
		{620D7B2E-4B80-4EF6-8A8A-59BF064D62B7}.Release|Any CPU.Build.0 = Release|Any CPU
		{973C3F76-F6A5-4A25-9BDA-1E994BAE96C6}.Debug|Any CPU.ActiveCfg = Debug|Any CPU
		{973C3F76-F6A5-4A25-9BDA-1E994BAE96C6}.Debug|Any CPU.Build.0 = Debug|Any CPU
		{973C3F76-F6A5-4A25-9BDA-1E994BAE96C6}.Release|Any CPU.ActiveCfg = Release|Any CPU
		{973C3F76-F6A5-4A25-9BDA-1E994BAE96C6}.Release|Any CPU.Build.0 = Release|Any CPU
	EndGlobalSection
	GlobalSection(SolutionProperties) = preSolution
		HideSolutionNode = FALSE
	EndGlobalSection
	GlobalSection(ExtensibilityGlobals) = postSolution
		SolutionGuid = {06F2DF2A-6EE4-4F4C-9B06-8874A3A5F523}
	EndGlobalSection
EndGlobal
